
Microsoft Visual Studio Solution File, Format Version 12.00
# Visual Studio Version 17
VisualStudioVersion = 17.0.31903.59
MinimumVisualStudioVersion = 10.0.40219.1
Project("{2150E333-8FDC-42A3-9474-1A3956D46DE8}") = "src", "src", "{827E0CD3-B72D-47B6-A68D-7590B98EB39B}"
EndProject
Project("{FAE04EC0-301F-11D3-BF4B-00C04F79EFBC}") = "SeatFlow.Domain", "src\SeatFlow.Domain\SeatFlow.Domain.csproj", "{232583CC-8DAB-4518-A761-2EFD757CF8BF}"
EndProject
Project("{FAE04EC0-301F-11D3-BF4B-00C04F79EFBC}") = "SeatFlow.Application", "src\SeatFlow.Application\SeatFlow.Application.csproj", "{C7887E30-891D-49EF-AFE5-4B3B1527544E}"
EndProject
Project("{FAE04EC0-301F-11D3-BF4B-00C04F79EFBC}") = "SeatFlow.Infrastructure", "src\SeatFlow.Infrastructure\SeatFlow.Infrastructure.csproj", "{038BA7F6-12AC-45CB-91F3-13DE90B269F5}"
EndProject
Project("{FAE04EC0-301F-11D3-BF4B-00C04F79EFBC}") = "SeatFlow.Api", "src\SeatFlow.Api\SeatFlow.Api.csproj", "{F66E90ED-6280-42FB-91B4-C5B4F95DA527}"
EndProject
Project("{2150E333-8FDC-42A3-9474-1A3956D46DE8}") = "tests", "tests", "{0AB3BF05-4346-4AA6-1389-037BE0695223}"
EndProject
Project("{FAE04EC0-301F-11D3-BF4B-00C04F79EFBC}") = "SeatFlow.UnitTests", "tests\SeatFlow.UnitTests\SeatFlow.UnitTests.csproj", "{B8D33C80-5D14-42B8-8FBA-B4F500E0FA9C}"
EndProject
Project("{FAE04EC0-301F-11D3-BF4B-00C04F79EFBC}") = "SeatFlow.IntegrationTests", "tests\SeatFlow.IntegrationTests\SeatFlow.IntegrationTests.csproj", "{717079E9-34C7-4229-80BB-ACBE7D20DEBA}"
EndProject
Global
	GlobalSection(SolutionConfigurationPlatforms) = preSolution
		Debug|Any CPU = Debug|Any CPU
		Debug|x64 = Debug|x64
		Debug|x86 = Debug|x86
		Release|Any CPU = Release|Any CPU
		Release|x64 = Release|x64
		Release|x86 = Release|x86
	EndGlobalSection
	GlobalSection(ProjectConfigurationPlatforms) = postSolution
		{232583CC-8DAB-4518-A761-2EFD757CF8BF}.Debug|Any CPU.ActiveCfg = Debug|Any CPU
		{232583CC-8DAB-4518-A761-2EFD757CF8BF}.Debug|Any CPU.Build.0 = Debug|Any CPU
		{232583CC-8DAB-4518-A761-2EFD757CF8BF}.Debug|x64.ActiveCfg = Debug|Any CPU
		{232583CC-8DAB-4518-A761-2EFD757CF8BF}.Debug|x64.Build.0 = Debug|Any CPU
		{232583CC-8DAB-4518-A761-2EFD757CF8BF}.Debug|x86.ActiveCfg = Debug|Any CPU
		{232583CC-8DAB-4518-A761-2EFD757CF8BF}.Debug|x86.Build.0 = Debug|Any CPU
		{232583CC-8DAB-4518-A761-2EFD757CF8BF}.Release|Any CPU.ActiveCfg = Release|Any CPU
		{232583CC-8DAB-4518-A761-2EFD757CF8BF}.Release|Any CPU.Build.0 = Release|Any CPU
		{232583CC-8DAB-4518-A761-2EFD757CF8BF}.Release|x64.ActiveCfg = Release|Any CPU
		{232583CC-8DAB-4518-A761-2EFD757CF8BF}.Release|x64.Build.0 = Release|Any CPU
		{232583CC-8DAB-4518-A761-2EFD757CF8BF}.Release|x86.ActiveCfg = Release|Any CPU
		{232583CC-8DAB-4518-A761-2EFD757CF8BF}.Release|x86.Build.0 = Release|Any CPU
		{C7887E30-891D-49EF-AFE5-4B3B1527544E}.Debug|Any CPU.ActiveCfg = Debug|Any CPU
		{C7887E30-891D-49EF-AFE5-4B3B1527544E}.Debug|Any CPU.Build.0 = Debug|Any CPU
		{C7887E30-891D-49EF-AFE5-4B3B1527544E}.Debug|x64.ActiveCfg = Debug|Any CPU
		{C7887E30-891D-49EF-AFE5-4B3B1527544E}.Debug|x64.Build.0 = Debug|Any CPU
		{C7887E30-891D-49EF-AFE5-4B3B1527544E}.Debug|x86.ActiveCfg = Debug|Any CPU
		{C7887E30-891D-49EF-AFE5-4B3B1527544E}.Debug|x86.Build.0 = Debug|Any CPU
		{C7887E30-891D-49EF-AFE5-4B3B1527544E}.Release|Any CPU.ActiveCfg = Release|Any CPU
		{C7887E30-891D-49EF-AFE5-4B3B1527544E}.Release|Any CPU.Build.0 = Release|Any CPU
		{C7887E30-891D-49EF-AFE5-4B3B1527544E}.Release|x64.ActiveCfg = Release|Any CPU
		{C7887E30-891D-49EF-AFE5-4B3B1527544E}.Release|x64.Build.0 = Release|Any CPU
		{C7887E30-891D-49EF-AFE5-4B3B1527544E}.Release|x86.ActiveCfg = Release|Any CPU
		{C7887E30-891D-49EF-AFE5-4B3B1527544E}.Release|x86.Build.0 = Release|Any CPU
		{038BA7F6-12AC-45CB-91F3-13DE90B269F5}.Debug|Any CPU.ActiveCfg = Debug|Any CPU
		{038BA7F6-12AC-45CB-91F3-13DE90B269F5}.Debug|Any CPU.Build.0 = Debug|Any CPU
		{038BA7F6-12AC-45CB-91F3-13DE90B269F5}.Debug|x64.ActiveCfg = Debug|Any CPU
		{038BA7F6-12AC-45CB-91F3-13DE90B269F5}.Debug|x64.Build.0 = Debug|Any CPU
		{038BA7F6-12AC-45CB-91F3-13DE90B269F5}.Debug|x86.ActiveCfg = Debug|Any CPU
		{038BA7F6-12AC-45CB-91F3-13DE90B269F5}.Debug|x86.Build.0 = Debug|Any CPU
		{038BA7F6-12AC-45CB-91F3-13DE90B269F5}.Release|Any CPU.ActiveCfg = Release|Any CPU
		{038BA7F6-12AC-45CB-91F3-13DE90B269F5}.Release|Any CPU.Build.0 = Release|Any CPU
		{038BA7F6-12AC-45CB-91F3-13DE90B269F5}.Release|x64.ActiveCfg = Release|Any CPU
		{038BA7F6-12AC-45CB-91F3-13DE90B269F5}.Release|x64.Build.0 = Release|Any CPU
		{038BA7F6-12AC-45CB-91F3-13DE90B269F5}.Release|x86.ActiveCfg = Release|Any CPU
		{038BA7F6-12AC-45CB-91F3-13DE90B269F5}.Release|x86.Build.0 = Release|Any CPU
		{F66E90ED-6280-42FB-91B4-C5B4F95DA527}.Debug|Any CPU.ActiveCfg = Debug|Any CPU
		{F66E90ED-6280-42FB-91B4-C5B4F95DA527}.Debug|Any CPU.Build.0 = Debug|Any CPU
		{F66E90ED-6280-42FB-91B4-C5B4F95DA527}.Debug|x64.ActiveCfg = Debug|Any CPU
		{F66E90ED-6280-42FB-91B4-C5B4F95DA527}.Debug|x64.Build.0 = Debug|Any CPU
		{F66E90ED-6280-42FB-91B4-C5B4F95DA527}.Debug|x86.ActiveCfg = Debug|Any CPU
		{F66E90ED-6280-42FB-91B4-C5B4F95DA527}.Debug|x86.Build.0 = Debug|Any CPU
		{F66E90ED-6280-42FB-91B4-C5B4F95DA527}.Release|Any CPU.ActiveCfg = Release|Any CPU
		{F66E90ED-6280-42FB-91B4-C5B4F95DA527}.Release|Any CPU.Build.0 = Release|Any CPU
		{F66E90ED-6280-42FB-91B4-C5B4F95DA527}.Release|x64.ActiveCfg = Release|Any CPU
		{F66E90ED-6280-42FB-91B4-C5B4F95DA527}.Release|x64.Build.0 = Release|Any CPU
		{F66E90ED-6280-42FB-91B4-C5B4F95DA527}.Release|x86.ActiveCfg = Release|Any CPU
		{F66E90ED-6280-42FB-91B4-C5B4F95DA527}.Release|x86.Build.0 = Release|Any CPU
		{B8D33C80-5D14-42B8-8FBA-B4F500E0FA9C}.Debug|Any CPU.ActiveCfg = Debug|Any CPU
		{B8D33C80-5D14-42B8-8FBA-B4F500E0FA9C}.Debug|Any CPU.Build.0 = Debug|Any CPU
		{B8D33C80-5D14-42B8-8FBA-B4F500E0FA9C}.Debug|x64.ActiveCfg = Debug|Any CPU
		{B8D33C80-5D14-42B8-8FBA-B4F500E0FA9C}.Debug|x64.Build.0 = Debug|Any CPU
		{B8D33C80-5D14-42B8-8FBA-B4F500E0FA9C}.Debug|x86.ActiveCfg = Debug|Any CPU
		{B8D33C80-5D14-42B8-8FBA-B4F500E0FA9C}.Debug|x86.Build.0 = Debug|Any CPU
		{B8D33C80-5D14-42B8-8FBA-B4F500E0FA9C}.Release|Any CPU.ActiveCfg = Release|Any CPU
		{B8D33C80-5D14-42B8-8FBA-B4F500E0FA9C}.Release|Any CPU.Build.0 = Release|Any CPU
		{B8D33C80-5D14-42B8-8FBA-B4F500E0FA9C}.Release|x64.ActiveCfg = Release|Any CPU
		{B8D33C80-5D14-42B8-8FBA-B4F500E0FA9C}.Release|x64.Build.0 = Release|Any CPU
		{B8D33C80-5D14-42B8-8FBA-B4F500E0FA9C}.Release|x86.ActiveCfg = Release|Any CPU
		{B8D33C80-5D14-42B8-8FBA-B4F500E0FA9C}.Release|x86.Build.0 = Release|Any CPU
		{717079E9-34C7-4229-80BB-ACBE7D20DEBA}.Debug|Any CPU.ActiveCfg = Debug|Any CPU
		{717079E9-34C7-4229-80BB-ACBE7D20DEBA}.Debug|Any CPU.Build.0 = Debug|Any CPU
		{717079E9-34C7-4229-80BB-ACBE7D20DEBA}.Debug|x64.ActiveCfg = Debug|Any CPU
		{717079E9-34C7-4229-80BB-ACBE7D20DEBA}.Debug|x64.Build.0 = Debug|Any CPU
		{717079E9-34C7-4229-80BB-ACBE7D20DEBA}.Debug|x86.ActiveCfg = Debug|Any CPU
		{717079E9-34C7-4229-80BB-ACBE7D20DEBA}.Debug|x86.Build.0 = Debug|Any CPU
		{717079E9-34C7-4229-80BB-ACBE7D20DEBA}.Release|Any CPU.ActiveCfg = Release|Any CPU
		{717079E9-34C7-4229-80BB-ACBE7D20DEBA}.Release|Any CPU.Build.0 = Release|Any CPU
		{717079E9-34C7-4229-80BB-ACBE7D20DEBA}.Release|x64.ActiveCfg = Release|Any CPU
		{717079E9-34C7-4229-80BB-ACBE7D20DEBA}.Release|x64.Build.0 = Release|Any CPU
		{717079E9-34C7-4229-80BB-ACBE7D20DEBA}.Release|x86.ActiveCfg = Release|Any CPU
		{717079E9-34C7-4229-80BB-ACBE7D20DEBA}.Release|x86.Build.0 = Release|Any CPU
	EndGlobalSection
	GlobalSection(SolutionProperties) = preSolution
		HideSolutionNode = FALSE
	EndGlobalSection
	GlobalSection(NestedProjects) = preSolution
		{232583CC-8DAB-4518-A761-2EFD757CF8BF} = {827E0CD3-B72D-47B6-A68D-7590B98EB39B}
		{C7887E30-891D-49EF-AFE5-4B3B1527544E} = {827E0CD3-B72D-47B6-A68D-7590B98EB39B}
		{038BA7F6-12AC-45CB-91F3-13DE90B269F5} = {827E0CD3-B72D-47B6-A68D-7590B98EB39B}
		{F66E90ED-6280-42FB-91B4-C5B4F95DA527} = {827E0CD3-B72D-47B6-A68D-7590B98EB39B}
		{B8D33C80-5D14-42B8-8FBA-B4F500E0FA9C} = {0AB3BF05-4346-4AA6-1389-037BE0695223}
		{717079E9-34C7-4229-80BB-ACBE7D20DEBA} = {0AB3BF05-4346-4AA6-1389-037BE0695223}
	EndGlobalSection
EndGlobal
